
Microsoft Visual Studio Solution File, Format Version 12.00
# Visual Studio Version 16
VisualStudioVersion = 16.0.30517.126
MinimumVisualStudioVersion = 10.0.40219.1
Project("{FAE04EC0-301F-11D3-BF4B-00C04F79EFBC}") = "InfiniteScroll.Android", "InfiniteScroll\InfiniteScroll.Android\InfiniteScroll.Android.csproj", "{246476FD-8859-4580-B699-C202A8C17B77}"
EndProject
Project("{FAE04EC0-301F-11D3-BF4B-00C04F79EFBC}") = "InfiniteScroll.iOS", "InfiniteScroll\InfiniteScroll.iOS\InfiniteScroll.iOS.csproj", "{2059E9F7-DA1B-4001-9CFD-22032E2639A3}"
EndProject
Project("{FAE04EC0-301F-11D3-BF4B-00C04F79EFBC}") = "InfiniteScroll", "InfiniteScroll\InfiniteScroll\InfiniteScroll.csproj", "{85592EF3-C715-46A8-9484-8A7556C567DA}"
EndProject
Global
	GlobalSection(SolutionConfigurationPlatforms) = preSolution
		Debug|Any CPU = Debug|Any CPU
		Debug|iPhone = Debug|iPhone
		Debug|iPhoneSimulator = Debug|iPhoneSimulator
		Release|Any CPU = Release|Any CPU
		Release|iPhone = Release|iPhone
		Release|iPhoneSimulator = Release|iPhoneSimulator
	EndGlobalSection
	GlobalSection(ProjectConfigurationPlatforms) = postSolution
		{246476FD-8859-4580-B699-C202A8C17B77}.Debug|Any CPU.ActiveCfg = Debug|Any CPU
		{246476FD-8859-4580-B699-C202A8C17B77}.Debug|Any CPU.Build.0 = Debug|Any CPU
		{246476FD-8859-4580-B699-C202A8C17B77}.Debug|Any CPU.Deploy.0 = Debug|Any CPU
		{246476FD-8859-4580-B699-C202A8C17B77}.Debug|iPhone.ActiveCfg = Debug|Any CPU
		{246476FD-8859-4580-B699-C202A8C17B77}.Debug|iPhone.Build.0 = Debug|Any CPU
		{246476FD-8859-4580-B699-C202A8C17B77}.Debug|iPhone.Deploy.0 = Debug|Any CPU
		{246476FD-8859-4580-B699-C202A8C17B77}.Debug|iPhoneSimulator.ActiveCfg = Debug|Any CPU
		{246476FD-8859-4580-B699-C202A8C17B77}.Debug|iPhoneSimulator.Build.0 = Debug|Any CPU
		{246476FD-8859-4580-B699-C202A8C17B77}.Debug|iPhoneSimulator.Deploy.0 = Debug|Any CPU
		{246476FD-8859-4580-B699-C202A8C17B77}.Release|Any CPU.ActiveCfg = Release|Any CPU
		{246476FD-8859-4580-B699-C202A8C17B77}.Release|Any CPU.Build.0 = Release|Any CPU
		{246476FD-8859-4580-B699-C202A8C17B77}.Release|Any CPU.Deploy.0 = Release|Any CPU
		{246476FD-8859-4580-B699-C202A8C17B77}.Release|iPhone.ActiveCfg = Release|Any CPU
		{246476FD-8859-4580-B699-C202A8C17B77}.Release|iPhone.Build.0 = Release|Any CPU
		{246476FD-8859-4580-B699-C202A8C17B77}.Release|iPhone.Deploy.0 = Release|Any CPU
		{246476FD-8859-4580-B699-C202A8C17B77}.Release|iPhoneSimulator.ActiveCfg = Release|Any CPU
		{246476FD-8859-4580-B699-C202A8C17B77}.Release|iPhoneSimulator.Build.0 = Release|Any CPU
		{246476FD-8859-4580-B699-C202A8C17B77}.Release|iPhoneSimulator.Deploy.0 = Release|Any CPU
		{2059E9F7-DA1B-4001-9CFD-22032E2639A3}.Debug|Any CPU.ActiveCfg = Debug|iPhone
		{2059E9F7-DA1B-4001-9CFD-22032E2639A3}.Debug|Any CPU.Build.0 = Debug|iPhone
		{2059E9F7-DA1B-4001-9CFD-22032E2639A3}.Debug|Any CPU.Deploy.0 = Debug|iPhone
		{2059E9F7-DA1B-4001-9CFD-22032E2639A3}.Debug|iPhone.ActiveCfg = Debug|iPhone
		{2059E9F7-DA1B-4001-9CFD-22032E2639A3}.Debug|iPhone.Build.0 = Debug|iPhone
		{2059E9F7-DA1B-4001-9CFD-22032E2639A3}.Debug|iPhone.Deploy.0 = Debug|iPhone
		{2059E9F7-DA1B-4001-9CFD-22032E2639A3}.Debug|iPhoneSimulator.ActiveCfg = Debug|iPhoneSimulator
		{2059E9F7-DA1B-4001-9CFD-22032E2639A3}.Debug|iPhoneSimulator.Build.0 = Debug|iPhoneSimulator
		{2059E9F7-DA1B-4001-9CFD-22032E2639A3}.Debug|iPhoneSimulator.Deploy.0 = Debug|iPhoneSimulator
		{2059E9F7-DA1B-4001-9CFD-22032E2639A3}.Release|Any CPU.ActiveCfg = Release|iPhoneSimulator
		{2059E9F7-DA1B-4001-9CFD-22032E2639A3}.Release|Any CPU.Build.0 = Release|iPhoneSimulator
		{2059E9F7-DA1B-4001-9CFD-22032E2639A3}.Release|Any CPU.Deploy.0 = Release|iPhoneSimulator
		{2059E9F7-DA1B-4001-9CFD-22032E2639A3}.Release|iPhone.ActiveCfg = Release|iPhone
		{2059E9F7-DA1B-4001-9CFD-22032E2639A3}.Release|iPhone.Build.0 = Release|iPhone
		{2059E9F7-DA1B-4001-9CFD-22032E2639A3}.Release|iPhone.Deploy.0 = Release|iPhone
		{2059E9F7-DA1B-4001-9CFD-22032E2639A3}.Release|iPhoneSimulator.ActiveCfg = Release|iPhoneSimulator
		{2059E9F7-DA1B-4001-9CFD-22032E2639A3}.Release|iPhoneSimulator.Build.0 = Release|iPhoneSimulator
		{2059E9F7-DA1B-4001-9CFD-22032E2639A3}.Release|iPhoneSimulator.Deploy.0 = Release|iPhoneSimulator
		{85592EF3-C715-46A8-9484-8A7556C567DA}.Debug|Any CPU.ActiveCfg = Debug|Any CPU
		{85592EF3-C715-46A8-9484-8A7556C567DA}.Debug|Any CPU.Build.0 = Debug|Any CPU
		{85592EF3-C715-46A8-9484-8A7556C567DA}.Debug|Any CPU.Deploy.0 = Debug|Any CPU
		{85592EF3-C715-46A8-9484-8A7556C567DA}.Debug|iPhone.ActiveCfg = Debug|Any CPU
		{85592EF3-C715-46A8-9484-8A7556C567DA}.Debug|iPhone.Build.0 = Debug|Any CPU
		{85592EF3-C715-46A8-9484-8A7556C567DA}.Debug|iPhone.Deploy.0 = Debug|Any CPU
		{85592EF3-C715-46A8-9484-8A7556C567DA}.Debug|iPhoneSimulator.ActiveCfg = Debug|Any CPU
		{85592EF3-C715-46A8-9484-8A7556C567DA}.Debug|iPhoneSimulator.Build.0 = Debug|Any CPU
		{85592EF3-C715-46A8-9484-8A7556C567DA}.Debug|iPhoneSimulator.Deploy.0 = Debug|Any CPU
		{85592EF3-C715-46A8-9484-8A7556C567DA}.Release|Any CPU.ActiveCfg = Release|Any CPU
		{85592EF3-C715-46A8-9484-8A7556C567DA}.Release|Any CPU.Build.0 = Release|Any CPU
		{85592EF3-C715-46A8-9484-8A7556C567DA}.Release|Any CPU.Deploy.0 = Release|Any CPU
		{85592EF3-C715-46A8-9484-8A7556C567DA}.Release|iPhone.ActiveCfg = Release|Any CPU
		{85592EF3-C715-46A8-9484-8A7556C567DA}.Release|iPhone.Build.0 = Release|Any CPU
		{85592EF3-C715-46A8-9484-8A7556C567DA}.Release|iPhone.Deploy.0 = Release|Any CPU
		{85592EF3-C715-46A8-9484-8A7556C567DA}.Release|iPhoneSimulator.ActiveCfg = Release|Any CPU
		{85592EF3-C715-46A8-9484-8A7556C567DA}.Release|iPhoneSimulator.Build.0 = Release|Any CPU
		{85592EF3-C715-46A8-9484-8A7556C567DA}.Release|iPhoneSimulator.Deploy.0 = Release|Any CPU
	EndGlobalSection
	GlobalSection(SolutionProperties) = preSolution
		HideSolutionNode = FALSE
	EndGlobalSection
	GlobalSection(ExtensibilityGlobals) = postSolution
		SolutionGuid = {3B2E55D6-8660-41C9-B9C0-2169FE6DE437}
	EndGlobalSection
EndGlobal
